
Microsoft Visual Studio Solution File, Format Version 12.00
# Visual Studio Version 17
VisualStudioVersion = 17.8.0.0
MinimumVisualStudioVersion = 17.8.0.0
Project("{9A19103F-16F7-4668-BE54-9A1E7A4F7556}") = "Dashy.Net.AppHost", "Dashy.Net.AppHost\Dashy.Net.AppHost.csproj", "{6F0F7AC5-56AB-4CC3-B7B2-C7C07A9CF3B4}"
EndProject
Project("{9A19103F-16F7-4668-BE54-9A1E7A4F7556}") = "Dashy.Net.ServiceDefaults", "Dashy.Net.ServiceDefaults\Dashy.Net.ServiceDefaults.csproj", "{B9915AA8-2453-4D60-ADB3-7A249A142DBC}"
EndProject
Project("{9A19103F-16F7-4668-BE54-9A1E7A4F7556}") = "Dashy.Net.ApiService", "Dashy.Net.ApiService\Dashy.Net.ApiService.csproj", "{190732D5-4A2A-406F-99DD-9C42767D6AF2}"
EndProject
Project("{9A19103F-16F7-4668-BE54-9A1E7A4F7556}") = "Dashy.Net.Web", "Dashy.Net.Web\Dashy.Net.Web.csproj", "{86897FC7-2EC8-4FF8-A2AC-75CDBD19A1FF}"
EndProject
Project("{FAE04EC0-301F-11D3-BF4B-00C04F79EFBC}") = "Dashy.Net.Shared", "Dashy.net.Shared\Dashy.Net.Shared.csproj", "{B1FF8D25-4937-4529-9763-1A1A8017262B}"
EndProject
Project("{FAE04EC0-301F-11D3-BF4B-00C04F79EFBC}") = "Dashy.Net.MigrationService", "Dashy.Net.MigrationService\Dashy.Net.MigrationService.csproj", "{7E4CFFBC-2633-A706-3AB8-FA2C3197DBCB}"
EndProject
Global
	GlobalSection(SolutionConfigurationPlatforms) = preSolution
		Debug|Any CPU = Debug|Any CPU
		Debug|x64 = Debug|x64
		Debug|x86 = Debug|x86
		Release|Any CPU = Release|Any CPU
		Release|x64 = Release|x64
		Release|x86 = Release|x86
	EndGlobalSection
	GlobalSection(ProjectConfigurationPlatforms) = postSolution
		{6F0F7AC5-56AB-4CC3-B7B2-C7C07A9CF3B4}.Debug|Any CPU.ActiveCfg = Debug|Any CPU
		{6F0F7AC5-56AB-4CC3-B7B2-C7C07A9CF3B4}.Debug|Any CPU.Build.0 = Debug|Any CPU
		{6F0F7AC5-56AB-4CC3-B7B2-C7C07A9CF3B4}.Debug|x64.ActiveCfg = Debug|Any CPU
		{6F0F7AC5-56AB-4CC3-B7B2-C7C07A9CF3B4}.Debug|x64.Build.0 = Debug|Any CPU
		{6F0F7AC5-56AB-4CC3-B7B2-C7C07A9CF3B4}.Debug|x86.ActiveCfg = Debug|Any CPU
		{6F0F7AC5-56AB-4CC3-B7B2-C7C07A9CF3B4}.Debug|x86.Build.0 = Debug|Any CPU
		{6F0F7AC5-56AB-4CC3-B7B2-C7C07A9CF3B4}.Release|Any CPU.ActiveCfg = Release|Any CPU
		{6F0F7AC5-56AB-4CC3-B7B2-C7C07A9CF3B4}.Release|Any CPU.Build.0 = Release|Any CPU
		{6F0F7AC5-56AB-4CC3-B7B2-C7C07A9CF3B4}.Release|x64.ActiveCfg = Release|Any CPU
		{6F0F7AC5-56AB-4CC3-B7B2-C7C07A9CF3B4}.Release|x64.Build.0 = Release|Any CPU
		{6F0F7AC5-56AB-4CC3-B7B2-C7C07A9CF3B4}.Release|x86.ActiveCfg = Release|Any CPU
		{6F0F7AC5-56AB-4CC3-B7B2-C7C07A9CF3B4}.Release|x86.Build.0 = Release|Any CPU
		{B9915AA8-2453-4D60-ADB3-7A249A142DBC}.Debug|Any CPU.ActiveCfg = Debug|Any CPU
		{B9915AA8-2453-4D60-ADB3-7A249A142DBC}.Debug|Any CPU.Build.0 = Debug|Any CPU
		{B9915AA8-2453-4D60-ADB3-7A249A142DBC}.Debug|x64.ActiveCfg = Debug|Any CPU
		{B9915AA8-2453-4D60-ADB3-7A249A142DBC}.Debug|x64.Build.0 = Debug|Any CPU
		{B9915AA8-2453-4D60-ADB3-7A249A142DBC}.Debug|x86.ActiveCfg = Debug|Any CPU
		{B9915AA8-2453-4D60-ADB3-7A249A142DBC}.Debug|x86.Build.0 = Debug|Any CPU
		{B9915AA8-2453-4D60-ADB3-7A249A142DBC}.Release|Any CPU.ActiveCfg = Release|Any CPU
		{B9915AA8-2453-4D60-ADB3-7A249A142DBC}.Release|Any CPU.Build.0 = Release|Any CPU
		{B9915AA8-2453-4D60-ADB3-7A249A142DBC}.Release|x64.ActiveCfg = Release|Any CPU
		{B9915AA8-2453-4D60-ADB3-7A249A142DBC}.Release|x64.Build.0 = Release|Any CPU
		{B9915AA8-2453-4D60-ADB3-7A249A142DBC}.Release|x86.ActiveCfg = Release|Any CPU
		{B9915AA8-2453-4D60-ADB3-7A249A142DBC}.Release|x86.Build.0 = Release|Any CPU
		{190732D5-4A2A-406F-99DD-9C42767D6AF2}.Debug|Any CPU.ActiveCfg = Debug|Any CPU
		{190732D5-4A2A-406F-99DD-9C42767D6AF2}.Debug|Any CPU.Build.0 = Debug|Any CPU
		{190732D5-4A2A-406F-99DD-9C42767D6AF2}.Debug|x64.ActiveCfg = Debug|Any CPU
		{190732D5-4A2A-406F-99DD-9C42767D6AF2}.Debug|x64.Build.0 = Debug|Any CPU
		{190732D5-4A2A-406F-99DD-9C42767D6AF2}.Debug|x86.ActiveCfg = Debug|Any CPU
		{190732D5-4A2A-406F-99DD-9C42767D6AF2}.Debug|x86.Build.0 = Debug|Any CPU
		{190732D5-4A2A-406F-99DD-9C42767D6AF2}.Release|Any CPU.ActiveCfg = Release|Any CPU
		{190732D5-4A2A-406F-99DD-9C42767D6AF2}.Release|Any CPU.Build.0 = Release|Any CPU
		{190732D5-4A2A-406F-99DD-9C42767D6AF2}.Release|x64.ActiveCfg = Release|Any CPU
		{190732D5-4A2A-406F-99DD-9C42767D6AF2}.Release|x64.Build.0 = Release|Any CPU
		{190732D5-4A2A-406F-99DD-9C42767D6AF2}.Release|x86.ActiveCfg = Release|Any CPU
		{190732D5-4A2A-406F-99DD-9C42767D6AF2}.Release|x86.Build.0 = Release|Any CPU
		{86897FC7-2EC8-4FF8-A2AC-75CDBD19A1FF}.Debug|Any CPU.ActiveCfg = Debug|Any CPU
		{86897FC7-2EC8-4FF8-A2AC-75CDBD19A1FF}.Debug|Any CPU.Build.0 = Debug|Any CPU
		{86897FC7-2EC8-4FF8-A2AC-75CDBD19A1FF}.Debug|x64.ActiveCfg = Debug|Any CPU
		{86897FC7-2EC8-4FF8-A2AC-75CDBD19A1FF}.Debug|x64.Build.0 = Debug|Any CPU
		{86897FC7-2EC8-4FF8-A2AC-75CDBD19A1FF}.Debug|x86.ActiveCfg = Debug|Any CPU
		{86897FC7-2EC8-4FF8-A2AC-75CDBD19A1FF}.Debug|x86.Build.0 = Debug|Any CPU
		{86897FC7-2EC8-4FF8-A2AC-75CDBD19A1FF}.Release|Any CPU.ActiveCfg = Release|Any CPU
		{86897FC7-2EC8-4FF8-A2AC-75CDBD19A1FF}.Release|Any CPU.Build.0 = Release|Any CPU
		{86897FC7-2EC8-4FF8-A2AC-75CDBD19A1FF}.Release|x64.ActiveCfg = Release|Any CPU
		{86897FC7-2EC8-4FF8-A2AC-75CDBD19A1FF}.Release|x64.Build.0 = Release|Any CPU
		{86897FC7-2EC8-4FF8-A2AC-75CDBD19A1FF}.Release|x86.ActiveCfg = Release|Any CPU
		{86897FC7-2EC8-4FF8-A2AC-75CDBD19A1FF}.Release|x86.Build.0 = Release|Any CPU
		{B1FF8D25-4937-4529-9763-1A1A8017262B}.Debug|Any CPU.ActiveCfg = Debug|Any CPU
		{B1FF8D25-4937-4529-9763-1A1A8017262B}.Debug|Any CPU.Build.0 = Debug|Any CPU
		{B1FF8D25-4937-4529-9763-1A1A8017262B}.Debug|x64.ActiveCfg = Debug|Any CPU
		{B1FF8D25-4937-4529-9763-1A1A8017262B}.Debug|x64.Build.0 = Debug|Any CPU
		{B1FF8D25-4937-4529-9763-1A1A8017262B}.Debug|x86.ActiveCfg = Debug|Any CPU
		{B1FF8D25-4937-4529-9763-1A1A8017262B}.Debug|x86.Build.0 = Debug|Any CPU
		{B1FF8D25-4937-4529-9763-1A1A8017262B}.Release|Any CPU.ActiveCfg = Release|Any CPU
		{B1FF8D25-4937-4529-9763-1A1A8017262B}.Release|Any CPU.Build.0 = Release|Any CPU
		{B1FF8D25-4937-4529-9763-1A1A8017262B}.Release|x64.ActiveCfg = Release|Any CPU
		{B1FF8D25-4937-4529-9763-1A1A8017262B}.Release|x64.Build.0 = Release|Any CPU
		{B1FF8D25-4937-4529-9763-1A1A8017262B}.Release|x86.ActiveCfg = Release|Any CPU
		{B1FF8D25-4937-4529-9763-1A1A8017262B}.Release|x86.Build.0 = Release|Any CPU
		{7E4CFFBC-2633-A706-3AB8-FA2C3197DBCB}.Debug|Any CPU.ActiveCfg = Debug|Any CPU
		{7E4CFFBC-2633-A706-3AB8-FA2C3197DBCB}.Debug|Any CPU.Build.0 = Debug|Any CPU
		{7E4CFFBC-2633-A706-3AB8-FA2C3197DBCB}.Debug|x64.ActiveCfg = Debug|Any CPU
		{7E4CFFBC-2633-A706-3AB8-FA2C3197DBCB}.Debug|x64.Build.0 = Debug|Any CPU
		{7E4CFFBC-2633-A706-3AB8-FA2C3197DBCB}.Debug|x86.ActiveCfg = Debug|Any CPU
		{7E4CFFBC-2633-A706-3AB8-FA2C3197DBCB}.Debug|x86.Build.0 = Debug|Any CPU
		{7E4CFFBC-2633-A706-3AB8-FA2C3197DBCB}.Release|Any CPU.ActiveCfg = Release|Any CPU
		{7E4CFFBC-2633-A706-3AB8-FA2C3197DBCB}.Release|Any CPU.Build.0 = Release|Any CPU
		{7E4CFFBC-2633-A706-3AB8-FA2C3197DBCB}.Release|x64.ActiveCfg = Release|Any CPU
		{7E4CFFBC-2633-A706-3AB8-FA2C3197DBCB}.Release|x64.Build.0 = Release|Any CPU
		{7E4CFFBC-2633-A706-3AB8-FA2C3197DBCB}.Release|x86.ActiveCfg = Release|Any CPU
		{7E4CFFBC-2633-A706-3AB8-FA2C3197DBCB}.Release|x86.Build.0 = Release|Any CPU
	EndGlobalSection
	GlobalSection(SolutionProperties) = preSolution
		HideSolutionNode = FALSE
	EndGlobalSection
	GlobalSection(ExtensibilityGlobals) = postSolution
		SolutionGuid = {85D08A4A-C920-4AEA-AF0D-AEFE9E88F892}
	EndGlobalSection
EndGlobal
